lockVersion: 2.0.0
id: 5a2dd83e-da98-455b-8ef9-0100a914efdf
management:
  docChecksum: 2dc0e57ebc2df7985435f1560ba8e4cc
  docVersion: 0.0.1
  speakeasyVersion: 1.330.0
  generationVersion: 2.361.10
  releaseVersion: 0.2.0
  configChecksum: e80928818a5d619ba6fa3832507ed7c8
  repoURL: https://github.com/dubinc/dub-ruby.git
  installationURL: https://github.com/dubinc/dub-ruby
  published: true
features:
  ruby:
    core: 3.2.14
    deprecations: 2.81.1
    examples: 2.81.3
    flattening: 2.81.1
    globalSecurity: 2.81.6
    globalServerURLs: 2.82.3
    nameOverrides: 2.81.2
generatedFiles:
  - lib/open_api_sdk/sdkconfiguration.rb
  - lib/open_api_sdk/links.rb
  - lib/open_api_sdk/qr_codes.rb
  - lib/open_api_sdk/analytics.rb
  - lib/open_api_sdk/workspaces.rb
  - lib/open_api_sdk/tags.rb
  - lib/open_api_sdk/domains.rb
  - lib/open_api_sdk/track.rb
  - lib/open_api_sdk/metatags.rb
  - lib/open_api_sdk/dub.rb
  - .rubocop.yml
  - Gemfile
  - Gemfile.lock
  - Rakefile
  - lib/open_api_sdk/utils/metadata_fields.rb
  - lib/open_api_sdk/utils/t.rb
  - lib/open_api_sdk/utils/utils.rb
  - sorbet/config
  - sorbet/rbi/annotations/.gitattributes
  - sorbet/rbi/annotations/faraday.rbi
  - sorbet/rbi/annotations/rainbow.rbi
  - sorbet/rbi/gems/.gitattributes
  - sorbet/rbi/gems/ast@2.4.2.rbi
  - sorbet/rbi/gems/base64@0.1.1.rbi
  - sorbet/rbi/gems/erubi@1.12.0.rbi
  - sorbet/rbi/gems/faraday-multipart@1.0.4.rbi
  - sorbet/rbi/gems/faraday-net_http@3.0.2.rbi
  - sorbet/rbi/gems/faraday@2.7.11.rbi
  - sorbet/rbi/gems/json@2.6.3.rbi
  - sorbet/rbi/gems/language_server-protocol@3.17.0.3.rbi
  - sorbet/rbi/gems/minitest@5.20.0.rbi
  - sorbet/rbi/gems/multipart-post@2.3.0.rbi
  - sorbet/rbi/gems/netrc@0.11.0.rbi
  - sorbet/rbi/gems/parallel@1.23.0.rbi
  - sorbet/rbi/gems/parser@3.2.2.4.rbi
  - sorbet/rbi/gems/prettier_print@1.2.1.rbi
  - sorbet/rbi/gems/racc@1.7.1.rbi
  - sorbet/rbi/gems/rack@3.0.8.rbi
  - sorbet/rbi/gems/rainbow@3.1.1.rbi
  - sorbet/rbi/gems/rake@13.0.6.rbi
  - sorbet/rbi/gems/rbi@0.1.1.rbi
  - sorbet/rbi/gems/regexp_parser@2.8.2.rbi
  - sorbet/rbi/gems/rexml@3.2.6.rbi
  - sorbet/rbi/gems/rubocop-ast@1.29.0.rbi
  - sorbet/rbi/gems/rubocop@1.57.1.rbi
  - sorbet/rbi/gems/ruby-progressbar@1.13.0.rbi
  - sorbet/rbi/gems/ruby2_keywords@0.0.5.rbi
  - sorbet/rbi/gems/spoom@1.2.4.rbi
  - sorbet/rbi/gems/syntax_tree@6.2.0.rbi
  - sorbet/rbi/gems/tapioca@0.11.9.rbi
  - sorbet/rbi/gems/thor@1.3.0.rbi
  - sorbet/rbi/gems/unicode-display_width@2.5.0.rbi
  - sorbet/rbi/gems/yard-sorbet@0.8.1.rbi
  - sorbet/rbi/gems/yard@0.9.34.rbi
  - sorbet/rbi/gems/yarp@0.13.0.rbi
  - sorbet/tapioca/config.yml
  - sorbet/tapioca/require.rb
  - dub.gemspec
  - lib/open_api_sdk/models/operations/sort.rb
  - lib/open_api_sdk/models/operations/getlinks_request.rb
  - lib/open_api_sdk/models/operations/getlinks_response.rb
  - lib/open_api_sdk/models/operations/createlink_requestbody.rb
  - lib/open_api_sdk/models/operations/createlink_response.rb
  - lib/open_api_sdk/models/operations/getlinkscount_request.rb
  - lib/open_api_sdk/models/operations/getlinkscount_response.rb
  - lib/open_api_sdk/models/operations/getlinkinfo_request.rb
  - lib/open_api_sdk/models/operations/getlinkinfo_response.rb
  - lib/open_api_sdk/models/operations/deletelink_request.rb
  - lib/open_api_sdk/models/operations/deletelink_responsebody.rb
  - lib/open_api_sdk/models/operations/deletelink_response.rb
  - lib/open_api_sdk/models/operations/updatelink_requestbody.rb
  - lib/open_api_sdk/models/operations/updatelink_request.rb
  - lib/open_api_sdk/models/operations/updatelink_response.rb
  - lib/open_api_sdk/models/operations/requestbody.rb
  - lib/open_api_sdk/models/operations/bulkcreatelinks_response.rb
  - lib/open_api_sdk/models/operations/data.rb
  - lib/open_api_sdk/models/operations/bulkupdatelinks_requestbody.rb
  - lib/open_api_sdk/models/operations/bulkupdatelinks_response.rb
  - lib/open_api_sdk/models/operations/upsertlink_requestbody.rb
  - lib/open_api_sdk/models/operations/upsertlink_response.rb
  - lib/open_api_sdk/models/operations/level.rb
  - lib/open_api_sdk/models/operations/getqrcode_request.rb
  - lib/open_api_sdk/models/operations/getqrcode_response.rb
  - lib/open_api_sdk/models/operations/event.rb
  - lib/open_api_sdk/models/operations/groupby.rb
  - lib/open_api_sdk/models/operations/interval.rb
  - lib/open_api_sdk/models/operations/retrieveanalytics_request.rb
  - lib/open_api_sdk/models/operations/retrieveanalytics_response.rb
  - lib/open_api_sdk/models/operations/getworkspace_request.rb
  - lib/open_api_sdk/models/operations/getworkspace_response.rb
  - lib/open_api_sdk/models/operations/updateworkspace_requestbody.rb
  - lib/open_api_sdk/models/operations/updateworkspace_request.rb
  - lib/open_api_sdk/models/operations/updateworkspace_response.rb
  - lib/open_api_sdk/models/operations/gettags_response.rb
  - lib/open_api_sdk/models/operations/color.rb
  - lib/open_api_sdk/models/operations/createtag_requestbody.rb
  - lib/open_api_sdk/models/operations/createtag_response.rb
  - lib/open_api_sdk/models/operations/updatetag_color.rb
  - lib/open_api_sdk/models/operations/updatetag_requestbody.rb
  - lib/open_api_sdk/models/operations/updatetag_request.rb
  - lib/open_api_sdk/models/operations/updatetag_response.rb
  - lib/open_api_sdk/models/operations/listdomains_response.rb
  - lib/open_api_sdk/models/operations/createdomain_requestbody.rb
  - lib/open_api_sdk/models/operations/createdomain_response.rb
  - lib/open_api_sdk/models/operations/deletedomain_request.rb
  - lib/open_api_sdk/models/operations/deletedomain_responsebody.rb
  - lib/open_api_sdk/models/operations/deletedomain_response.rb
  - lib/open_api_sdk/models/operations/updatedomain_requestbody.rb
  - lib/open_api_sdk/models/operations/updatedomain_request.rb
  - lib/open_api_sdk/models/operations/updatedomain_response.rb
  - lib/open_api_sdk/models/operations/tracklead_requestbody.rb
  - lib/open_api_sdk/models/operations/tracklead_responsebody.rb
  - lib/open_api_sdk/models/operations/tracklead_response.rb
  - lib/open_api_sdk/models/operations/paymentprocessor.rb
  - lib/open_api_sdk/models/operations/tracksale_requestbody.rb
  - lib/open_api_sdk/models/operations/tracksale_responsebody.rb
  - lib/open_api_sdk/models/operations/tracksale_response.rb
  - lib/open_api_sdk/models/operations/trackcustomer_requestbody.rb
  - lib/open_api_sdk/models/operations/trackcustomer_responsebody.rb
  - lib/open_api_sdk/models/operations/trackcustomer_response.rb
  - lib/open_api_sdk/models/operations/getmetatags_request.rb
  - lib/open_api_sdk/models/operations/getmetatags_responsebody.rb
  - lib/open_api_sdk/models/operations/getmetatags_response.rb
  - lib/open_api_sdk/models/shared/internalservererror_code.rb
  - lib/open_api_sdk/models/shared/internalservererror_error.rb
  - lib/open_api_sdk/models/shared/internalservererror.rb
  - lib/open_api_sdk/models/shared/ratelimitexceeded_code.rb
  - lib/open_api_sdk/models/shared/ratelimitexceeded_error.rb
  - lib/open_api_sdk/models/shared/ratelimitexceeded.rb
  - lib/open_api_sdk/models/shared/unprocessableentity_code.rb
  - lib/open_api_sdk/models/shared/unprocessableentity_error.rb
  - lib/open_api_sdk/models/shared/unprocessableentity.rb
  - lib/open_api_sdk/models/shared/inviteexpired_code.rb
  - lib/open_api_sdk/models/shared/inviteexpired_error.rb
  - lib/open_api_sdk/models/shared/inviteexpired.rb
  - lib/open_api_sdk/models/shared/conflict_code.rb
  - lib/open_api_sdk/models/shared/conflict_error.rb
  - lib/open_api_sdk/models/shared/conflict.rb
  - lib/open_api_sdk/models/shared/notfound_code.rb
  - lib/open_api_sdk/models/shared/notfound_error.rb
  - lib/open_api_sdk/models/shared/notfound.rb
  - lib/open_api_sdk/models/shared/forbidden_code.rb
  - lib/open_api_sdk/models/shared/forbidden_error.rb
  - lib/open_api_sdk/models/shared/forbidden.rb
  - lib/open_api_sdk/models/shared/unauthorized_code.rb
  - lib/open_api_sdk/models/shared/unauthorized_error.rb
  - lib/open_api_sdk/models/shared/unauthorized.rb
  - lib/open_api_sdk/models/shared/code.rb
  - lib/open_api_sdk/models/shared/error.rb
  - lib/open_api_sdk/models/shared/badrequest.rb
  - lib/open_api_sdk/models/shared/geo.rb
  - lib/open_api_sdk/models/shared/linkschema.rb
  - lib/open_api_sdk/models/shared/color.rb
  - lib/open_api_sdk/models/shared/tagschema.rb
  - lib/open_api_sdk/models/shared/linkgeotargeting.rb
  - lib/open_api_sdk/models/shared/countrycode.rb
  - lib/open_api_sdk/models/shared/plan.rb
  - lib/open_api_sdk/models/shared/role.rb
  - lib/open_api_sdk/models/shared/users.rb
  - lib/open_api_sdk/models/shared/domains.rb
  - lib/open_api_sdk/models/shared/workspaceschema.rb
  - lib/open_api_sdk/models/shared/domainschema.rb
  - lib/open_api_sdk/models/shared/security.rb
  - lib/dub.rb
  - lib/open_api_sdk/models/operations.rb
  - lib/open_api_sdk/models/shared.rb
  - docs/models/operations/sort.md
  - docs/models/operations/getlinksrequest.md
  - docs/models/operations/getlinksresponse.md
  - docs/models/operations/createlinkrequestbody.md
  - docs/models/operations/createlinkresponse.md
  - docs/models/operations/getlinkscountrequest.md
  - docs/models/operations/getlinkscountresponse.md
  - docs/models/operations/getlinkinforequest.md
  - docs/models/operations/getlinkinforesponse.md
  - docs/models/operations/deletelinkrequest.md
  - docs/models/operations/deletelinkresponsebody.md
  - docs/models/operations/deletelinkresponse.md
  - docs/models/operations/updatelinkrequestbody.md
  - docs/models/operations/updatelinkrequest.md
  - docs/models/operations/updatelinkresponse.md
  - docs/models/operations/requestbody.md
  - docs/models/operations/bulkcreatelinksresponse.md
  - docs/models/operations/data.md
  - docs/models/operations/bulkupdatelinksrequestbody.md
  - docs/models/operations/bulkupdatelinksresponse.md
  - docs/models/operations/upsertlinkrequestbody.md
  - docs/models/operations/upsertlinkresponse.md
  - docs/models/operations/level.md
  - docs/models/operations/getqrcoderequest.md
  - docs/models/operations/getqrcoderesponse.md
  - docs/models/operations/event.md
  - docs/models/operations/groupby.md
  - docs/models/operations/interval.md
  - docs/models/operations/retrieveanalyticsrequest.md
  - docs/models/operations/retrieveanalyticsresponse.md
  - docs/models/operations/getworkspacerequest.md
  - docs/models/operations/getworkspaceresponse.md
  - docs/models/operations/updateworkspacerequestbody.md
  - docs/models/operations/updateworkspacerequest.md
  - docs/models/operations/updateworkspaceresponse.md
  - docs/models/operations/gettagsresponse.md
  - docs/models/operations/color.md
  - docs/models/operations/createtagrequestbody.md
  - docs/models/operations/createtagresponse.md
  - docs/models/operations/updatetagcolor.md
  - docs/models/operations/updatetagrequestbody.md
  - docs/models/operations/updatetagrequest.md
  - docs/models/operations/updatetagresponse.md
  - docs/models/operations/listdomainsresponse.md
  - docs/models/operations/createdomainrequestbody.md
  - docs/models/operations/createdomainresponse.md
  - docs/models/operations/deletedomainrequest.md
  - docs/models/operations/deletedomainresponsebody.md
  - docs/models/operations/deletedomainresponse.md
  - docs/models/operations/updatedomainrequestbody.md
  - docs/models/operations/updatedomainrequest.md
  - docs/models/operations/updatedomainresponse.md
  - docs/models/operations/trackleadrequestbody.md
  - docs/models/operations/trackleadresponsebody.md
  - docs/models/operations/trackleadresponse.md
  - docs/models/operations/paymentprocessor.md
  - docs/models/operations/tracksalerequestbody.md
  - docs/models/operations/tracksaleresponsebody.md
  - docs/models/operations/tracksaleresponse.md
  - docs/models/operations/trackcustomerrequestbody.md
  - docs/models/operations/trackcustomerresponsebody.md
  - docs/models/operations/trackcustomerresponse.md
  - docs/models/operations/getmetatagsrequest.md
  - docs/models/operations/getmetatagsresponsebody.md
  - docs/models/operations/getmetatagsresponse.md
  - docs/models/shared/internalservererrorcode.md
  - docs/models/shared/internalservererrorerror.md
  - docs/models/shared/internalservererror.md
  - docs/models/shared/ratelimitexceededcode.md
  - docs/models/shared/ratelimitexceedederror.md
  - docs/models/shared/ratelimitexceeded.md
  - docs/models/shared/unprocessableentitycode.md
  - docs/models/shared/unprocessableentityerror.md
  - docs/models/shared/unprocessableentity.md
  - docs/models/shared/inviteexpiredcode.md
  - docs/models/shared/inviteexpirederror.md
  - docs/models/shared/inviteexpired.md
  - docs/models/shared/conflictcode.md
  - docs/models/shared/conflicterror.md
  - docs/models/shared/conflict.md
  - docs/models/shared/notfoundcode.md
  - docs/models/shared/notfounderror.md
  - docs/models/shared/notfound.md
  - docs/models/shared/forbiddencode.md
  - docs/models/shared/forbiddenerror.md
  - docs/models/shared/forbidden.md
  - docs/models/shared/unauthorizedcode.md
  - docs/models/shared/unauthorizederror.md
  - docs/models/shared/unauthorized.md
  - docs/models/shared/code.md
  - docs/models/shared/error.md
  - docs/models/shared/badrequest.md
  - docs/models/shared/geo.md
  - docs/models/shared/linkschema.md
  - docs/models/shared/color.md
  - docs/models/shared/tagschema.md
  - docs/models/shared/linkgeotargeting.md
  - docs/models/shared/countrycode.md
  - docs/models/shared/plan.md
  - docs/models/shared/role.md
  - docs/models/shared/users.md
  - docs/models/shared/domains.md
  - docs/models/shared/workspaceschema.md
  - docs/models/shared/domainschema.md
  - docs/models/shared/security.md
  - docs/sdks/dub/README.md
  - docs/sdks/links/README.md
  - docs/sdks/qrcodes/README.md
  - docs/sdks/analytics/README.md
  - docs/sdks/workspaces/README.md
  - docs/sdks/tags/README.md
  - docs/sdks/domains/README.md
  - docs/sdks/track/README.md
  - docs/sdks/metatags/README.md
  - USAGE.md
  - .gitattributes
