speakeasyVersion: 1.483.0
sources:
    dub:
        sourceNamespace: dub
        sourceRevisionDigest: sha256:3a88f242a386976ac33526c0985b9764422ced71d5bfd20486c90a013d7e0087
        sourceBlobDigest: sha256:07d9325feb01f432d02cf3ae4943fed8a9f9c9fdacf649eb143973253d0348ac
        tags:
            - latest
            - speakeasy-sdk-regen-1738628770
            - 0.0.1
targets:
    my-first-target:
        source: dub
        sourceNamespace: dub
        sourceRevisionDigest: sha256:3a88f242a386976ac33526c0985b9764422ced71d5bfd20486c90a013d7e0087
        sourceBlobDigest: sha256:07d9325feb01f432d02cf3ae4943fed8a9f9c9fdacf649eb143973253d0348ac
        codeSamplesNamespace: code-samples-ruby-my-first-target
        codeSamplesRevisionDigest: sha256:96db8b1fcdfb3b696fda1765fdb9606fc139cd5bf8f0fbea5916c135f1f92b1d
workflow:
    workflowVersion: 1.0.0
    speakeasyVersion: latest
    sources:
        dub:
            inputs:
                - location: https://api.dub.co
            registry:
                location: registry.speakeasyapi.dev/dub/dub/dub
    targets:
        my-first-target:
            target: ruby
            source: dub
            publish:
                rubygems:
                    token: $rubygems_auth_token
            codeSamples:
                output: codeSamples.yaml
                registry:
                    location: registry.speakeasyapi.dev/dub/dub/code-samples-ruby-my-first-target
