speakeasyVersion: 1.526.0
sources:
    dub:
        sourceNamespace: dub
        sourceRevisionDigest: sha256:2f894cd851e1fd364f3cadb90345188b6f6bb5bba69089bc357a1f932629a6a5
        sourceBlobDigest: sha256:09679eac4522d57b3cbb4cd03eea18bbc4e5d66b7a7c2e03e2ec9103a225b346
        tags:
            - latest
            - speakeasy-sdk-regen-1753403613
            - 0.0.1
targets:
    my-first-target:
        source: dub
        sourceNamespace: dub
        sourceRevisionDigest: sha256:2f894cd851e1fd364f3cadb90345188b6f6bb5bba69089bc357a1f932629a6a5
        sourceBlobDigest: sha256:09679eac4522d57b3cbb4cd03eea18bbc4e5d66b7a7c2e03e2ec9103a225b346
        codeSamplesNamespace: code-samples-ruby-my-first-target
        codeSamplesRevisionDigest: sha256:6c04eb6db9794d3336724d04147a858c4b06aab03d9dbe33000a6d4adfad5879
workflow:
    workflowVersion: 1.0.0
    speakeasyVersion: latest
    sources:
        dub:
            inputs:
                - location: https://api.dub.co
            registry:
                location: registry.speakeasyapi.dev/dub/dub/dub
    targets:
        my-first-target:
            target: ruby
            source: dub
            publish:
                rubygems:
                    token: $rubygems_auth_token
            codeSamples:
                output: codeSamples.yaml
                registry:
                    location: registry.speakeasyapi.dev/dub/dub/code-samples-ruby-my-first-target
