speakeasyVersion: 1.517.3
sources:
    dub:
        sourceNamespace: dub
        sourceRevisionDigest: sha256:caac4898e2866e48314d20987716375eed088f159725233907e754d5149182ea
        sourceBlobDigest: sha256:77765580870889382dff1ffbfe28a3d79e04c0123023dc5c80735664ecd2bf65
        tags:
            - latest
            - speakeasy-sdk-regen-1741393344
            - 0.0.1
targets:
    my-first-target:
        source: dub
        sourceNamespace: dub
        sourceRevisionDigest: sha256:caac4898e2866e48314d20987716375eed088f159725233907e754d5149182ea
        sourceBlobDigest: sha256:77765580870889382dff1ffbfe28a3d79e04c0123023dc5c80735664ecd2bf65
        codeSamplesNamespace: code-samples-ruby-my-first-target
        codeSamplesRevisionDigest: sha256:54b9663add9ef53dce6ff1ef4731aa31314f83e26b17fb15d729f25293f3323b
workflow:
    workflowVersion: 1.0.0
    speakeasyVersion: latest
    sources:
        dub:
            inputs:
                - location: https://api.dub.co
            registry:
                location: registry.speakeasyapi.dev/dub/dub/dub
    targets:
        my-first-target:
            target: ruby
            source: dub
            publish:
                rubygems:
                    token: $rubygems_auth_token
            codeSamples:
                output: codeSamples.yaml
                registry:
                    location: registry.speakeasyapi.dev/dub/dub/code-samples-ruby-my-first-target
